
Microsoft Visual Studio Solution File, Format Version 12.00
# Visual Studio 15
VisualStudioVersion = 15.0.27130.2010
MinimumVisualStudioVersion = 10.0.40219.1
Project("{9A19103F-16F7-4668-BE54-9A1E7A4F7556}") = "IBALib", "..\IBALib\IBALib.csproj", "{A5CA1FDB-44D8-46EF-92AC-DDEE2BACA0DF}"
EndProject
Project("{9A19103F-16F7-4668-BE54-9A1E7A4F7556}") = "IBALibTest", "..\Tests\IBALibTest.csproj", "{802BE0C9-21B0-46D3-B8AE-AEE1367D512D}"
EndProject
Global
	GlobalSection(SolutionConfigurationPlatforms) = preSolution
		Debug|Any CPU = Debug|Any CPU
		Release|Any CPU = Release|Any CPU
	EndGlobalSection
	GlobalSection(ProjectConfigurationPlatforms) = postSolution
		{A5CA1FDB-44D8-46EF-92AC-DDEE2BACA0DF}.Debug|Any CPU.ActiveCfg = Debug|Any CPU
		{A5CA1FDB-44D8-46EF-92AC-DDEE2BACA0DF}.Debug|Any CPU.Build.0 = Debug|Any CPU
		{A5CA1FDB-44D8-46EF-92AC-DDEE2BACA0DF}.Release|Any CPU.ActiveCfg = Release|Any CPU
		{A5CA1FDB-44D8-46EF-92AC-DDEE2BACA0DF}.Release|Any CPU.Build.0 = Release|Any CPU
		{802BE0C9-21B0-46D3-B8AE-AEE1367D512D}.Debug|Any CPU.ActiveCfg = Debug|Any CPU
		{802BE0C9-21B0-46D3-B8AE-AEE1367D512D}.Debug|Any CPU.Build.0 = Debug|Any CPU
		{802BE0C9-21B0-46D3-B8AE-AEE1367D512D}.Release|Any CPU.ActiveCfg = Release|Any CPU
		{802BE0C9-21B0-46D3-B8AE-AEE1367D512D}.Release|Any CPU.Build.0 = Release|Any CPU
	EndGlobalSection
	GlobalSection(SolutionProperties) = preSolution
		HideSolutionNode = FALSE
	EndGlobalSection
	GlobalSection(ExtensibilityGlobals) = postSolution
		SolutionGuid = {085A8C8C-AA57-45E1-9B1E-321A7D62CA29}
	EndGlobalSection
EndGlobal
